
Microsoft Visual Studio Solution File, Format Version 12.00
# Visual Studio Version 16
VisualStudioVersion = 16.0.30804.86
MinimumVisualStudioVersion = 10.0.40219.1
Project("{9A19103F-16F7-4668-BE54-9A1E7A4F7556}") = "Risk.Server", "Risk.Server\Risk.Server.csproj", "{EA9747EF-CC42-4A3C-A996-81E04B661EA2}"
EndProject
Project("{9A19103F-16F7-4668-BE54-9A1E7A4F7556}") = "Risk.Game", "Risk.Game\Risk.Game.csproj", "{EADE98C2-4575-438A-BDFB-01092EEB62B8}"
EndProject
Project("{9A19103F-16F7-4668-BE54-9A1E7A4F7556}") = "Risk.Shared", "Risk.Shared\Risk.Shared.csproj", "{63502A14-BF7C-40C8-863E-E726B4D9FA56}"
EndProject
Project("{9A19103F-16F7-4668-BE54-9A1E7A4F7556}") = "Risk.SampleClient", "Risk.SampleClient\Risk.SampleClient.csproj", "{4A121FD7-0485-4793-A0C7-FC70F1A2BBD9}"
EndProject
Project("{9A19103F-16F7-4668-BE54-9A1E7A4F7556}") = "Risk.Signalr.SampleClient", "Risk.Signalr.SampleClient\Risk.Signalr.SampleClient.csproj", "{3CF6737E-7F35-403B-80D9-80F36485E63A}"
EndProject
Project("{9A19103F-16F7-4668-BE54-9A1E7A4F7556}") = "Risk.Tests", "Risk.Tests\Risk.Tests.csproj", "{028C3231-7421-4BE0-BDD4-5E73E688142E}"
EndProject
Project("{9A19103F-16F7-4668-BE54-9A1E7A4F7556}") = "Risk.Signalr.ConsoleClient", "Risk.Signalr.ConsoleClient\Risk.Signalr.ConsoleClient.csproj", "{BE797A7F-5329-4E26-ADCB-40C2236C5B87}"
EndProject
Project("{2150E333-8FDC-42A3-9474-1A3956D46DE8}") = "Solution Items", "Solution Items", "{338DF0AF-6581-4FD9-A748-274A711917EA}"
	ProjectSection(SolutionItems) = preProject
		GenerateContestantZip.ps1 = GenerateContestantZip.ps1
		StartGame.ps1 = StartGame.ps1
	EndProjectSection
EndProject
Global
	GlobalSection(SolutionConfigurationPlatforms) = preSolution
		Debug|Any CPU = Debug|Any CPU
		Release|Any CPU = Release|Any CPU
	EndGlobalSection
	GlobalSection(ProjectConfigurationPlatforms) = postSolution
		{EA9747EF-CC42-4A3C-A996-81E04B661EA2}.Debug|Any CPU.ActiveCfg = Debug|Any CPU
		{EA9747EF-CC42-4A3C-A996-81E04B661EA2}.Debug|Any CPU.Build.0 = Debug|Any CPU
		{EA9747EF-CC42-4A3C-A996-81E04B661EA2}.Release|Any CPU.ActiveCfg = Release|Any CPU
		{EA9747EF-CC42-4A3C-A996-81E04B661EA2}.Release|Any CPU.Build.0 = Release|Any CPU
		{EADE98C2-4575-438A-BDFB-01092EEB62B8}.Debug|Any CPU.ActiveCfg = Debug|Any CPU
		{EADE98C2-4575-438A-BDFB-01092EEB62B8}.Debug|Any CPU.Build.0 = Debug|Any CPU
		{EADE98C2-4575-438A-BDFB-01092EEB62B8}.Release|Any CPU.ActiveCfg = Release|Any CPU
		{EADE98C2-4575-438A-BDFB-01092EEB62B8}.Release|Any CPU.Build.0 = Release|Any CPU
		{63502A14-BF7C-40C8-863E-E726B4D9FA56}.Debug|Any CPU.ActiveCfg = Debug|Any CPU
		{63502A14-BF7C-40C8-863E-E726B4D9FA56}.Debug|Any CPU.Build.0 = Debug|Any CPU
		{63502A14-BF7C-40C8-863E-E726B4D9FA56}.Release|Any CPU.ActiveCfg = Release|Any CPU
		{63502A14-BF7C-40C8-863E-E726B4D9FA56}.Release|Any CPU.Build.0 = Release|Any CPU
		{4A121FD7-0485-4793-A0C7-FC70F1A2BBD9}.Debug|Any CPU.ActiveCfg = Debug|Any CPU
		{4A121FD7-0485-4793-A0C7-FC70F1A2BBD9}.Debug|Any CPU.Build.0 = Debug|Any CPU
		{4A121FD7-0485-4793-A0C7-FC70F1A2BBD9}.Release|Any CPU.ActiveCfg = Release|Any CPU
		{4A121FD7-0485-4793-A0C7-FC70F1A2BBD9}.Release|Any CPU.Build.0 = Release|Any CPU
		{3CF6737E-7F35-403B-80D9-80F36485E63A}.Debug|Any CPU.ActiveCfg = Debug|Any CPU
		{3CF6737E-7F35-403B-80D9-80F36485E63A}.Debug|Any CPU.Build.0 = Debug|Any CPU
		{3CF6737E-7F35-403B-80D9-80F36485E63A}.Release|Any CPU.ActiveCfg = Release|Any CPU
		{3CF6737E-7F35-403B-80D9-80F36485E63A}.Release|Any CPU.Build.0 = Release|Any CPU
		{028C3231-7421-4BE0-BDD4-5E73E688142E}.Debug|Any CPU.ActiveCfg = Debug|Any CPU
		{028C3231-7421-4BE0-BDD4-5E73E688142E}.Debug|Any CPU.Build.0 = Debug|Any CPU
		{028C3231-7421-4BE0-BDD4-5E73E688142E}.Release|Any CPU.ActiveCfg = Release|Any CPU
		{028C3231-7421-4BE0-BDD4-5E73E688142E}.Release|Any CPU.Build.0 = Release|Any CPU
		{BE797A7F-5329-4E26-ADCB-40C2236C5B87}.Debug|Any CPU.ActiveCfg = Debug|Any CPU
		{BE797A7F-5329-4E26-ADCB-40C2236C5B87}.Debug|Any CPU.Build.0 = Debug|Any CPU
		{BE797A7F-5329-4E26-ADCB-40C2236C5B87}.Release|Any CPU.ActiveCfg = Release|Any CPU
		{BE797A7F-5329-4E26-ADCB-40C2236C5B87}.Release|Any CPU.Build.0 = Release|Any CPU
	EndGlobalSection
	GlobalSection(SolutionProperties) = preSolution
		HideSolutionNode = FALSE
	EndGlobalSection
	GlobalSection(ExtensibilityGlobals) = postSolution
		SolutionGuid = {FFDA8A15-3DBA-469E-9A37-128E0EC727FF}
	EndGlobalSection
EndGlobal
